
Microsoft Visual Studio Solution File, Format Version 12.00
# Visual Studio 15
VisualStudioVersion = 15.0.26124.0
MinimumVisualStudioVersion = 15.0.26124.0
Project("{F2A71F9B-5D33-465A-A702-920D77279786}") = "Poc.Core", "Poc.Core\Poc.Core.fsproj", "{EBCFBF83-CB26-4050-A596-B34ADC00EDCD}"
EndProject
Project("{F2A71F9B-5D33-465A-A702-920D77279786}") = "Poc.Demo", "Poc.Demo\Poc.Demo.fsproj", "{AFB63101-5343-4052-A94C-9776369DE8B1}"
EndProject
Project("{FAE04EC0-301F-11D3-BF4B-00C04F79EFBC}") = "CsharpClient", "CsharpClient\CsharpClient.csproj", "{F8AF851D-ECFF-4243-9C0A-EC823824FD44}"
EndProject
Global
	GlobalSection(SolutionConfigurationPlatforms) = preSolution
		Debug|Any CPU = Debug|Any CPU
		Debug|x64 = Debug|x64
		Debug|x86 = Debug|x86
		Release|Any CPU = Release|Any CPU
		Release|x64 = Release|x64
		Release|x86 = Release|x86
	EndGlobalSection
	GlobalSection(SolutionProperties) = preSolution
		HideSolutionNode = FALSE
	EndGlobalSection
	GlobalSection(ProjectConfigurationPlatforms) = postSolution
		{EBCFBF83-CB26-4050-A596-B34ADC00EDCD}.Debug|Any CPU.ActiveCfg = Debug|Any CPU
		{EBCFBF83-CB26-4050-A596-B34ADC00EDCD}.Debug|Any CPU.Build.0 = Debug|Any CPU
		{EBCFBF83-CB26-4050-A596-B34ADC00EDCD}.Debug|x64.ActiveCfg = Debug|Any CPU
		{EBCFBF83-CB26-4050-A596-B34ADC00EDCD}.Debug|x64.Build.0 = Debug|Any CPU
		{EBCFBF83-CB26-4050-A596-B34ADC00EDCD}.Debug|x86.ActiveCfg = Debug|Any CPU
		{EBCFBF83-CB26-4050-A596-B34ADC00EDCD}.Debug|x86.Build.0 = Debug|Any CPU
		{EBCFBF83-CB26-4050-A596-B34ADC00EDCD}.Release|Any CPU.ActiveCfg = Release|Any CPU
		{EBCFBF83-CB26-4050-A596-B34ADC00EDCD}.Release|Any CPU.Build.0 = Release|Any CPU
		{EBCFBF83-CB26-4050-A596-B34ADC00EDCD}.Release|x64.ActiveCfg = Release|Any CPU
		{EBCFBF83-CB26-4050-A596-B34ADC00EDCD}.Release|x64.Build.0 = Release|Any CPU
		{EBCFBF83-CB26-4050-A596-B34ADC00EDCD}.Release|x86.ActiveCfg = Release|Any CPU
		{EBCFBF83-CB26-4050-A596-B34ADC00EDCD}.Release|x86.Build.0 = Release|Any CPU
		{AFB63101-5343-4052-A94C-9776369DE8B1}.Debug|Any CPU.ActiveCfg = Debug|Any CPU
		{AFB63101-5343-4052-A94C-9776369DE8B1}.Debug|Any CPU.Build.0 = Debug|Any CPU
		{AFB63101-5343-4052-A94C-9776369DE8B1}.Debug|x64.ActiveCfg = Debug|Any CPU
		{AFB63101-5343-4052-A94C-9776369DE8B1}.Debug|x64.Build.0 = Debug|Any CPU
		{AFB63101-5343-4052-A94C-9776369DE8B1}.Debug|x86.ActiveCfg = Debug|Any CPU
		{AFB63101-5343-4052-A94C-9776369DE8B1}.Debug|x86.Build.0 = Debug|Any CPU
		{AFB63101-5343-4052-A94C-9776369DE8B1}.Release|Any CPU.ActiveCfg = Release|Any CPU
		{AFB63101-5343-4052-A94C-9776369DE8B1}.Release|Any CPU.Build.0 = Release|Any CPU
		{AFB63101-5343-4052-A94C-9776369DE8B1}.Release|x64.ActiveCfg = Release|Any CPU
		{AFB63101-5343-4052-A94C-9776369DE8B1}.Release|x64.Build.0 = Release|Any CPU
		{AFB63101-5343-4052-A94C-9776369DE8B1}.Release|x86.ActiveCfg = Release|Any CPU
		{AFB63101-5343-4052-A94C-9776369DE8B1}.Release|x86.Build.0 = Release|Any CPU
		{F8AF851D-ECFF-4243-9C0A-EC823824FD44}.Debug|Any CPU.ActiveCfg = Debug|Any CPU
		{F8AF851D-ECFF-4243-9C0A-EC823824FD44}.Debug|Any CPU.Build.0 = Debug|Any CPU
		{F8AF851D-ECFF-4243-9C0A-EC823824FD44}.Debug|x64.ActiveCfg = Debug|Any CPU
		{F8AF851D-ECFF-4243-9C0A-EC823824FD44}.Debug|x64.Build.0 = Debug|Any CPU
		{F8AF851D-ECFF-4243-9C0A-EC823824FD44}.Debug|x86.ActiveCfg = Debug|Any CPU
		{F8AF851D-ECFF-4243-9C0A-EC823824FD44}.Debug|x86.Build.0 = Debug|Any CPU
		{F8AF851D-ECFF-4243-9C0A-EC823824FD44}.Release|Any CPU.ActiveCfg = Release|Any CPU
		{F8AF851D-ECFF-4243-9C0A-EC823824FD44}.Release|Any CPU.Build.0 = Release|Any CPU
		{F8AF851D-ECFF-4243-9C0A-EC823824FD44}.Release|x64.ActiveCfg = Release|Any CPU
		{F8AF851D-ECFF-4243-9C0A-EC823824FD44}.Release|x64.Build.0 = Release|Any CPU
		{F8AF851D-ECFF-4243-9C0A-EC823824FD44}.Release|x86.ActiveCfg = Release|Any CPU
		{F8AF851D-ECFF-4243-9C0A-EC823824FD44}.Release|x86.Build.0 = Release|Any CPU
	EndGlobalSection
EndGlobal
